<?xml version="1.0" encoding="utf-8"?>
<Project ToolsVersion="4.0" xmlns="http://schemas.microsoft.com/developer/msbuild/2003">
  <ItemGroup>
    <Filter Include="Source Files">
      <UniqueIdentifier>{4FC737F1-C7A5-4376-A066-2A32D752A2FF}</UniqueIdentifier>
      <Extensions>cpp;c;cc;cxx;def;odl;idl;hpj;bat;asm;asmx</Extensions>
    </Filter>
    <Filter Include="Header Files">
      <UniqueIdentifier>{93995380-89BD-4b04-88EB-625FBE52EBFB}</UniqueIdentifier>
      <Extensions>h;hh;hpp;hxx;hm;inl;inc;xsd</Extensions>
    </Filter>
    <Filter Include="Resource Files">
      <UniqueIdentifier>{67DA6AB6-F800-4c08-8B7A-83BB121AAD01}</UniqueIdentifier>
      <Extensions>rc;ico;cur;bmp;dlg;rc2;rct;bin;rgs;gif;jpg;jpeg;jpe;resx;tiff;tif;png;wav;mfcribbon-ms</Extensions>
    </Filter>
  </ItemGroup>
  <ItemGroup>
    <ClCompile Include="..\src\ConstraintSelectionStrategy\ConstraintSelectionStrategyMostDeviating.cpp">
      <Filter>Source Files</Filter>
    </ClCompile>
    <ClCompile Include="..\src\ConstraintSelectionStrategy\IConstraintSelectionStrategy.cpp">
      <Filter>Source Files</Filter>
    </ClCompile>
    <ClCompile Include="..\src\ConstraintToleranceUpdateStrategy\ConstraintToleranceUpdateStrategyBase.cpp">
      <Filter>Source Files</Filter>
    </ClCompile>
    <ClCompile Include="..\src\ConstraintToleranceUpdateStrategy\ConstraintToleranceUpdateStrategyDecreasing.cpp">
      <Filter>Source Files</Filter>
    </ClCompile>
    <ClCompile Include="..\src\ConstraintToleranceUpdateStrategy\IConstraintToleranceUpdateStrategy.cpp">
      <Filter>Source Files</Filter>
    </ClCompile>
    <ClCompile Include="..\src\Iteration.cpp">
      <Filter>Source Files</Filter>
    </ClCompile>
    <ClCompile Include="..\src\LinesearchMethod\ILinesearchMethod.cpp">
      <Filter>Source Files</Filter>
    </ClCompile>
    <ClCompile Include="..\src\LinesearchMethod\LinesearchMethodBisection.cpp">
      <Filter>Source Files</Filter>
    </ClCompile>
    <ClCompile Include="..\src\LinesearchMethod\LinesearchMethodBoost.cpp">
      <Filter>Source Files</Filter>
    </ClCompile>
    <ClCompile Include="..\src\MILPSolver\IMILPSolutionLimitStrategy.cpp">
      <Filter>Source Files</Filter>
    </ClCompile>
    <ClCompile Include="..\src\MILPSolver\IMILPSolver.cpp">
      <Filter>Source Files</Filter>
    </ClCompile>
    <ClCompile Include="..\src\MILPSolver\IRelaxationStrategy.cpp">
      <Filter>Source Files</Filter>
    </ClCompile>
    <ClCompile Include="..\src\MILPSolver\MILPSolutionLimitStrategyAdaptive.cpp">
      <Filter>Source Files</Filter>
    </ClCompile>
    <ClCompile Include="..\src\MILPSolver\MILPSolutionLimitStrategyIncrease.cpp">
      <Filter>Source Files</Filter>
    </ClCompile>
    <ClCompile Include="..\src\MILPSolver\MILPSolutionLimitStrategyUnlimited.cpp">
      <Filter>Source Files</Filter>
    </ClCompile>
    <ClCompile Include="..\src\MILPSolver\MILPSolverBase.cpp">
      <Filter>Source Files</Filter>
    </ClCompile>
    <ClCompile Include="..\src\MILPSolver\MILPSolverCplex.cpp">
      <Filter>Source Files</Filter>
    </ClCompile>
    <ClCompile Include="..\src\MILPSolver\MILPSolverCplexExperimental.cpp">
      <Filter>Source Files</Filter>
    </ClCompile>
    <ClCompile Include="..\src\MILPSolver\MILPSolverGurobi.cpp">
      <Filter>Source Files</Filter>
    </ClCompile>
    <ClCompile Include="..\src\MILPSolver\MILPSolverOsiCbc.cpp">
      <Filter>Source Files</Filter>
    </ClCompile>
    <ClCompile Include="..\src\MILPSolver\RelaxationStrategyAdaptive.cpp">
      <Filter>Source Files</Filter>
    </ClCompile>
    <ClCompile Include="..\src\MILPSolver\RelaxationStrategyBase.cpp">
      <Filter>Source Files</Filter>
    </ClCompile>
    <ClCompile Include="..\src\MILPSolver\RelaxationStrategyNone.cpp">
      <Filter>Source Files</Filter>
    </ClCompile>
    <ClCompile Include="..\src\MILPSolver\RelaxationStrategyStandard.cpp">
      <Filter>Source Files</Filter>
    </ClCompile>
    <ClCompile Include="..\src\NLPSolver\INLPSolver.cpp">
      <Filter>Source Files</Filter>
    </ClCompile>
    <ClCompile Include="..\src\NLPSolver\NLPIpoptSolver.cpp">
      <Filter>Source Files</Filter>
    </ClCompile>
    <ClCompile Include="..\src\NLPSolver\NLPSolverBase.cpp">
      <Filter>Source Files</Filter>
    </ClCompile>
    <ClCompile Include="..\src\NLPSolver\NLPSolverCuttingPlaneMinimax.cpp">
      <Filter>Source Files</Filter>
    </ClCompile>
    <ClCompile Include="..\src\NLPSolver\NLPSolverCuttingPlaneRelaxed.cpp">
      <Filter>Source Files</Filter>
    </ClCompile>
    <ClCompile Include="..\src\NLPSolver\NLPSolverIPOptBase.cpp">
      <Filter>Source Files</Filter>
    </ClCompile>
    <ClCompile Include="..\src\NLPSolver\NLPSolverIPOptMinimax.cpp">
      <Filter>Source Files</Filter>
    </ClCompile>
    <ClCompile Include="..\src\NLPSolver\NLPSolverIPOptRelaxed.cpp">
      <Filter>Source Files</Filter>
    </ClCompile>
    <ClCompile Include="..\src\OptProblems\OptProblem.cpp">
      <Filter>Source Files</Filter>
    </ClCompile>
    <ClCompile Include="..\src\OptProblems\OptProblemNLPMinimax.cpp">
      <Filter>Source Files</Filter>
    </ClCompile>
    <ClCompile Include="..\src\OptProblems\OptProblemNLPRelaxed.cpp">
      <Filter>Source Files</Filter>
    </ClCompile>
    <ClCompile Include="..\src\OptProblems\OptProblemNLPSHOTMinimax.cpp">
      <Filter>Source Files</Filter>
    </ClCompile>
    <ClCompile Include="..\src\OptProblems\OptProblemOriginal.cpp">
      <Filter>Source Files</Filter>
    </ClCompile>
    <ClCompile Include="..\src\OptProblems\OptProblemOriginalLinearObjective.cpp">
      <Filter>Source Files</Filter>
    </ClCompile>
    <ClCompile Include="..\src\OptProblems\OptProblemOriginalNonlinearObjective.cpp">
      <Filter>Source Files</Filter>
    </ClCompile>
    <ClCompile Include="..\src\OptProblems\OptProblemOriginalQuadraticObjective.cpp">
      <Filter>Source Files</Filter>
    </ClCompile>
    <ClCompile Include="..\src\PointSelectionStrategy\IPointSelectionStrategy.cpp">
      <Filter>Source Files</Filter>
    </ClCompile>
    <ClCompile Include="..\src\PointSelectionStrategy\PointSelectionStrategyBase.cpp">
      <Filter>Source Files</Filter>
    </ClCompile>
    <ClCompile Include="..\src\PointSelectionStrategy\PointSelectionStrategyBoundary.cpp">
      <Filter>Source Files</Filter>
    </ClCompile>
    <ClCompile Include="..\src\PrimalSolutionStrategy\IPrimalSolutionStrategy.cpp">
      <Filter>Source Files</Filter>
    </ClCompile>
    <ClCompile Include="..\src\PrimalSolutionStrategy\PrimalSolutionStrategyBase.cpp">
      <Filter>Source Files</Filter>
    </ClCompile>
    <ClCompile Include="..\src\PrimalSolutionStrategy\PrimalSolutionStrategyFixedNLP.cpp">
      <Filter>Source Files</Filter>
    </ClCompile>
    <ClCompile Include="..\src\ProcessInfo.cpp">
      <Filter>Source Files</Filter>
    </ClCompile>
    <ClCompile Include="..\src\SHOT.cpp">
      <Filter>Source Files</Filter>
    </ClCompile>
    <ClCompile Include="..\src\SHOTSettings\SHOTSettings.cpp">
      <Filter>Source Files</Filter>
    </ClCompile>
    <ClCompile Include="..\src\SHOTSolver.cpp">
      <Filter>Source Files</Filter>
    </ClCompile>
    <ClCompile Include="..\src\SolutionStrategy\ISolutionStrategy.cpp">
      <Filter>Source Files</Filter>
    </ClCompile>
    <ClCompile Include="..\src\SolutionStrategy\SolutionStrategySHOT.cpp">
      <Filter>Source Files</Filter>
    </ClCompile>
    <ClCompile Include="..\src\SolutionStrategy.cpp">
      <Filter>Source Files</Filter>
    </ClCompile>
    <ClCompile Include="..\src\TaskHandler.cpp">
      <Filter>Source Files</Filter>
    </ClCompile>
    <ClCompile Include="..\src\Tasks\TaskAddHyperplanes.cpp">
      <Filter>Source Files</Filter>
    </ClCompile>
    <ClCompile Include="..\src\Tasks\TaskAddIntegerCuts.cpp">
      <Filter>Source Files</Filter>
    </ClCompile>
    <ClCompile Include="..\src\Tasks\TaskBase.cpp">
      <Filter>Source Files</Filter>
    </ClCompile>
    <ClCompile Include="..\src\Tasks\TaskCalculateSolutionChangeNorm.cpp">
      <Filter>Source Files</Filter>
    </ClCompile>
    <ClCompile Include="..\src\Tasks\TaskCheckAbsoluteGap.cpp">
      <Filter>Source Files</Filter>
    </ClCompile>
    <ClCompile Include="..\src\Tasks\TaskCheckConstraintTolerance.cpp">
      <Filter>Source Files</Filter>
    </ClCompile>
    <ClCompile Include="..\src\Tasks\TaskCheckIterationError.cpp">
      <Filter>Source Files</Filter>
    </ClCompile>
    <ClCompile Include="..\src\Tasks\TaskCheckIterationLimit.cpp">
      <Filter>Source Files</Filter>
    </ClCompile>
    <ClCompile Include="..\src\Tasks\TaskCheckObjectiveStagnation.cpp">
      <Filter>Source Files</Filter>
    </ClCompile>
    <ClCompile Include="..\src\Tasks\TaskCheckRelativeGap.cpp">
      <Filter>Source Files</Filter>
    </ClCompile>
    <ClCompile Include="..\src\Tasks\TaskCheckTimeLimit.cpp">
      <Filter>Source Files</Filter>
    </ClCompile>
    <ClCompile Include="..\src\Tasks\TaskConditional.cpp">
      <Filter>Source Files</Filter>
    </ClCompile>
    <ClCompile Include="..\src\Tasks\TaskCreateMILPProblem.cpp">
      <Filter>Source Files</Filter>
    </ClCompile>
    <ClCompile Include="..\src\Tasks\TaskExecuteRelaxationStrategy.cpp">
      <Filter>Source Files</Filter>
    </ClCompile>
    <ClCompile Include="..\src\Tasks\TaskExecuteSolutionLimitStrategy.cpp">
      <Filter>Source Files</Filter>
    </ClCompile>
    <ClCompile Include="..\src\Tasks\TaskFindInteriorPoint.cpp">
      <Filter>Source Files</Filter>
    </ClCompile>
    <ClCompile Include="..\src\Tasks\TaskGoto.cpp">
      <Filter>Source Files</Filter>
    </ClCompile>
    <ClCompile Include="..\src\Tasks\TaskInitializeIteration.cpp">
      <Filter>Source Files</Filter>
    </ClCompile>
    <ClCompile Include="..\src\Tasks\TaskInitializeLinesearch.cpp">
      <Filter>Source Files</Filter>
    </ClCompile>
    <ClCompile Include="..\src\Tasks\TaskInitializeMILPSolver.cpp">
      <Filter>Source Files</Filter>
    </ClCompile>
    <ClCompile Include="..\src\Tasks\TaskInitializeOriginalProblem.cpp">
      <Filter>Source Files</Filter>
    </ClCompile>
    <ClCompile Include="..\src\Tasks\TaskPresolve.cpp">
      <Filter>Source Files</Filter>
    </ClCompile>
    <ClCompile Include="..\src\Tasks\TaskPrintIterationHeader.cpp">
      <Filter>Source Files</Filter>
    </ClCompile>
    <ClCompile Include="..\src\Tasks\TaskPrintIterationReport.cpp">
      <Filter>Source Files</Filter>
    </ClCompile>
    <ClCompile Include="..\src\Tasks\TaskPrintProblemStats.cpp">
      <Filter>Source Files</Filter>
    </ClCompile>
    <ClCompile Include="..\src\Tasks\TaskPrintSolution.cpp">
      <Filter>Source Files</Filter>
    </ClCompile>
    <ClCompile Include="..\src\Tasks\TaskPrintSolutionBoundReport.cpp">
      <Filter>Source Files</Filter>
    </ClCompile>
    <ClCompile Include="..\src\Tasks\TaskRepairableBase.cpp">
      <Filter>Source Files</Filter>
    </ClCompile>
    <ClCompile Include="..\src\Tasks\TaskSelectHyperplanePointsIndividualLinesearch.cpp">
      <Filter>Source Files</Filter>
    </ClCompile>
    <ClCompile Include="..\src\Tasks\TaskSelectHyperplanePointsLinesearch.cpp">
      <Filter>Source Files</Filter>
    </ClCompile>
    <ClCompile Include="..\src\Tasks\TaskSelectHyperplanePointsSolution.cpp">
      <Filter>Source Files</Filter>
    </ClCompile>
    <ClCompile Include="..\src\Tasks\TaskSelectPrimalCandidatesFromLinesearch.cpp">
      <Filter>Source Files</Filter>
    </ClCompile>
    <ClCompile Include="..\src\Tasks\TaskSelectPrimalCandidatesFromNLP.cpp">
      <Filter>Source Files</Filter>
    </ClCompile>
    <ClCompile Include="..\src\Tasks\TaskSelectPrimalCandidatesFromSolutionPool.cpp">
      <Filter>Source Files</Filter>
    </ClCompile>
    <ClCompile Include="..\src\Tasks\TaskSelectPrimalFixedNLPPointsFromSolutionPool.cpp">
      <Filter>Source Files</Filter>
    </ClCompile>
    <ClCompile Include="..\src\Tasks\TaskSequential.cpp">
      <Filter>Source Files</Filter>
    </ClCompile>
    <ClCompile Include="..\src\Tasks\TaskSimple.cpp">
      <Filter>Source Files</Filter>
    </ClCompile>
    <ClCompile Include="..\src\Tasks\TaskSolveFixedLinearProblem.cpp">
      <Filter>Source Files</Filter>
    </ClCompile>
    <ClCompile Include="..\src\Tasks\TaskSolveIteration.cpp">
      <Filter>Source Files</Filter>
    </ClCompile>
    <ClCompile Include="..\src\Tasks\TaskSwitchToLazyConstraints.cpp">
      <Filter>Source Files</Filter>
    </ClCompile>
    <ClCompile Include="..\src\Tasks\TaskTerminate.cpp">
      <Filter>Source Files</Filter>
    </ClCompile>
    <ClCompile Include="..\src\Tasks\TaskUpdateNonlinearObjectiveByLinesearch.cpp">
      <Filter>Source Files</Filter>
    </ClCompile>
    <ClCompile Include="..\src\Timer.cpp">
      <Filter>Source Files</Filter>
    </ClCompile>
    <ClCompile Include="..\src\UtilityFunctions.cpp">
      <Filter>Source Files</Filter>
    </ClCompile>
  </ItemGroup>
  <ItemGroup>
    <ClInclude Include="..\src\ConstraintSelectionStrategy\ConstraintSelectionStrategyMostDeviating.h">
      <Filter>Header Files</Filter>
    </ClInclude>
    <ClInclude Include="..\src\ConstraintSelectionStrategy\IConstraintSelectionStrategy.h">
      <Filter>Header Files</Filter>
    </ClInclude>
    <ClInclude Include="..\src\ConstraintToleranceUpdateStrategy\ConstraintToleranceUpdateStrategyBase.h">
      <Filter>Header Files</Filter>
    </ClInclude>
    <ClInclude Include="..\src\ConstraintToleranceUpdateStrategy\ConstraintToleranceUpdateStrategyDecreasing.h">
      <Filter>Header Files</Filter>
    </ClInclude>
    <ClInclude Include="..\src\ConstraintToleranceUpdateStrategy\IConstraintToleranceUpdateStrategy.h">
      <Filter>Header Files</Filter>
    </ClInclude>
    <ClInclude Include="..\src\Enums.h">
      <Filter>Header Files</Filter>
    </ClInclude>
    <ClInclude Include="..\src\Iteration.h">
      <Filter>Header Files</Filter>
    </ClInclude>
    <ClInclude Include="..\src\LinesearchMethod\ILinesearchMethod.h">
      <Filter>Header Files</Filter>
    </ClInclude>
    <ClInclude Include="..\src\LinesearchMethod\LinesearchMethodBisection.h">
      <Filter>Header Files</Filter>
    </ClInclude>
    <ClInclude Include="..\src\LinesearchMethod\LinesearchMethodBoost.h">
      <Filter>Header Files</Filter>
    </ClInclude>
    <ClInclude Include="..\src\MILPSolver\IMILPSolutionLimitStrategy.h">
      <Filter>Header Files</Filter>
    </ClInclude>
    <ClInclude Include="..\src\MILPSolver\IMILPSolver.h">
      <Filter>Header Files</Filter>
    </ClInclude>
    <ClInclude Include="..\src\MILPSolver\IRelaxationStrategy.h">
      <Filter>Header Files</Filter>
    </ClInclude>
    <ClInclude Include="..\src\MILPSolver\MILPSolutionLimitStrategyAdaptive.h">
      <Filter>Header Files</Filter>
    </ClInclude>
    <ClInclude Include="..\src\MILPSolver\MILPSolutionLimitStrategyIncrease.h">
      <Filter>Header Files</Filter>
    </ClInclude>
    <ClInclude Include="..\src\MILPSolver\MILPSolutionLimitStrategyUnlimited.h">
      <Filter>Header Files</Filter>
    </ClInclude>
    <ClInclude Include="..\src\MILPSolver\MILPSolverBase.h">
      <Filter>Header Files</Filter>
    </ClInclude>
    <ClInclude Include="..\src\MILPSolver\MILPSolverCplex.h">
      <Filter>Header Files</Filter>
    </ClInclude>
    <ClInclude Include="..\src\MILPSolver\MILPSolverCplexExperimental.h">
      <Filter>Header Files</Filter>
    </ClInclude>
    <ClInclude Include="..\src\MILPSolver\MILPSolverGurobi.h">
      <Filter>Header Files</Filter>
    </ClInclude>
    <ClInclude Include="..\src\MILPSolver\MILPSolverOsiCbc.h">
      <Filter>Header Files</Filter>
    </ClInclude>
    <ClInclude Include="..\src\MILPSolver\RelaxationStrategyAdaptive.h">
      <Filter>Header Files</Filter>
    </ClInclude>
    <ClInclude Include="..\src\MILPSolver\RelaxationStrategyBase.h">
      <Filter>Header Files</Filter>
    </ClInclude>
    <ClInclude Include="..\src\MILPSolver\RelaxationStrategyNone.h">
      <Filter>Header Files</Filter>
    </ClInclude>
    <ClInclude Include="..\src\MILPSolver\RelaxationStrategyStandard.h">
      <Filter>Header Files</Filter>
    </ClInclude>
    <ClInclude Include="..\src\NLPSolver\INLPSolver.h">
      <Filter>Header Files</Filter>
    </ClInclude>
    <ClInclude Include="..\src\NLPSolver\NLPIpoptSolver.h">
      <Filter>Header Files</Filter>
    </ClInclude>
    <ClInclude Include="..\src\NLPSolver\NLPSolverBase.h">
      <Filter>Header Files</Filter>
    </ClInclude>
    <ClInclude Include="..\src\NLPSolver\NLPSolverCuttingPlaneMinimax.h">
      <Filter>Header Files</Filter>
    </ClInclude>
    <ClInclude Include="..\src\NLPSolver\NLPSolverCuttingPlaneRelaxed.h">
      <Filter>Header Files</Filter>
    </ClInclude>
    <ClInclude Include="..\src\NLPSolver\NLPSolverIPOptBase.h">
      <Filter>Header Files</Filter>
    </ClInclude>
    <ClInclude Include="..\src\NLPSolver\NLPSolverIPOptMinimax.h">
      <Filter>Header Files</Filter>
    </ClInclude>
    <ClInclude Include="..\src\NLPSolver\NLPSolverIPOptRelaxed.h">
      <Filter>Header Files</Filter>
    </ClInclude>
    <ClInclude Include="..\src\OptProblems\OptProblem.h">
      <Filter>Header Files</Filter>
    </ClInclude>
    <ClInclude Include="..\src\OptProblems\OptProblemNLPMinimax.h">
      <Filter>Header Files</Filter>
    </ClInclude>
    <ClInclude Include="..\src\OptProblems\OptProblemNLPRelaxed.h">
      <Filter>Header Files</Filter>
    </ClInclude>
    <ClInclude Include="..\src\OptProblems\OptProblemNLPSHOTMinimax.h">
      <Filter>Header Files</Filter>
    </ClInclude>
    <ClInclude Include="..\src\OptProblems\OptProblemOriginal.h">
      <Filter>Header Files</Filter>
    </ClInclude>
    <ClInclude Include="..\src\OptProblems\OptProblemOriginalLinearObjective.h">
      <Filter>Header Files</Filter>
    </ClInclude>
    <ClInclude Include="..\src\OptProblems\OptProblemOriginalNonlinearObjective.h">
      <Filter>Header Files</Filter>
    </ClInclude>
    <ClInclude Include="..\src\OptProblems\OptProblemOriginalQuadraticObjective.h">
      <Filter>Header Files</Filter>
    </ClInclude>
    <ClInclude Include="..\src\PointSelectionStrategy\IPointSelectionStrategy.h">
      <Filter>Header Files</Filter>
    </ClInclude>
    <ClInclude Include="..\src\PointSelectionStrategy\PointSelectionStrategyBase.h">
      <Filter>Header Files</Filter>
    </ClInclude>
    <ClInclude Include="..\src\PointSelectionStrategy\PointSelectionStrategyBoundary.h">
      <Filter>Header Files</Filter>
    </ClInclude>
    <ClInclude Include="..\src\PrimalSolutionStrategy\IPrimalSolutionStrategy.h">
      <Filter>Header Files</Filter>
    </ClInclude>
    <ClInclude Include="..\src\PrimalSolutionStrategy\PrimalSolutionStrategyBase.h">
      <Filter>Header Files</Filter>
    </ClInclude>
    <ClInclude Include="..\src\PrimalSolutionStrategy\PrimalSolutionStrategyFixedNLP.h">
      <Filter>Header Files</Filter>
    </ClInclude>
    <ClInclude Include="..\src\ProcessInfo.h">
      <Filter>Header Files</Filter>
    </ClInclude>
    <ClInclude Include="..\src\SHOTSettings\SHOTSettings.h">
      <Filter>Header Files</Filter>
    </ClInclude>
    <ClInclude Include="..\src\SHOTSolver.h">
      <Filter>Header Files</Filter>
    </ClInclude>
    <ClInclude Include="..\src\SolutionStrategy\ISolutionStrategy.h">
      <Filter>Header Files</Filter>
    </ClInclude>
    <ClInclude Include="..\src\SolutionStrategy\SolutionStrategySHOT.h">
      <Filter>Header Files</Filter>
    </ClInclude>
    <ClInclude Include="..\src\SolutionStrategy.h">
      <Filter>Header Files</Filter>
    </ClInclude>
    <ClInclude Include="..\src\TaskHandler.h">
      <Filter>Header Files</Filter>
    </ClInclude>
    <ClInclude Include="..\src\Tasks\TaskAddHyperplanes.h">
      <Filter>Header Files</Filter>
    </ClInclude>
    <ClInclude Include="..\src\Tasks\TaskAddIntegerCuts.h">
      <Filter>Header Files</Filter>
    </ClInclude>
    <ClInclude Include="..\src\Tasks\TaskBase.h">
      <Filter>Header Files</Filter>
    </ClInclude>
    <ClInclude Include="..\src\Tasks\TaskCalculateSolutionChangeNorm.h">
      <Filter>Header Files</Filter>
    </ClInclude>
    <ClInclude Include="..\src\Tasks\TaskCheckAbsoluteGap.h">
      <Filter>Header Files</Filter>
    </ClInclude>
    <ClInclude Include="..\src\Tasks\TaskCheckConstraintTolerance.h">
      <Filter>Header Files</Filter>
    </ClInclude>
    <ClInclude Include="..\src\Tasks\TaskCheckIterationError.h">
      <Filter>Header Files</Filter>
    </ClInclude>
    <ClInclude Include="..\src\Tasks\TaskCheckIterationLimit.h">
      <Filter>Header Files</Filter>
    </ClInclude>
    <ClInclude Include="..\src\Tasks\TaskCheckObjectiveStagnation.h">
      <Filter>Header Files</Filter>
    </ClInclude>
    <ClInclude Include="..\src\Tasks\TaskCheckRelativeGap.h">
      <Filter>Header Files</Filter>
    </ClInclude>
    <ClInclude Include="..\src\Tasks\TaskCheckTimeLimit.h">
      <Filter>Header Files</Filter>
    </ClInclude>
    <ClInclude Include="..\src\Tasks\TaskConditional.h">
      <Filter>Header Files</Filter>
    </ClInclude>
    <ClInclude Include="..\src\Tasks\TaskCreateMILPProblem.h">
      <Filter>Header Files</Filter>
    </ClInclude>
    <ClInclude Include="..\src\Tasks\TaskException.h">
      <Filter>Header Files</Filter>
    </ClInclude>
    <ClInclude Include="..\src\Tasks\TaskExecuteRelaxationStrategy.h">
      <Filter>Header Files</Filter>
    </ClInclude>
    <ClInclude Include="..\src\Tasks\TaskExecuteSolutionLimitStrategy.h">
      <Filter>Header Files</Filter>
    </ClInclude>
    <ClInclude Include="..\src\Tasks\TaskFindInteriorPoint.h">
      <Filter>Header Files</Filter>
    </ClInclude>
    <ClInclude Include="..\src\Tasks\TaskGoto.h">
      <Filter>Header Files</Filter>
    </ClInclude>
    <ClInclude Include="..\src\Tasks\TaskInitializeIteration.h">
      <Filter>Header Files</Filter>
    </ClInclude>
    <ClInclude Include="..\src\Tasks\TaskInitializeLinesearch.h">
      <Filter>Header Files</Filter>
    </ClInclude>
    <ClInclude Include="..\src\Tasks\TaskInitializeMILPSolver.h">
      <Filter>Header Files</Filter>
    </ClInclude>
    <ClInclude Include="..\src\Tasks\TaskInitializeOriginalProblem.h">
      <Filter>Header Files</Filter>
    </ClInclude>
    <ClInclude Include="..\src\Tasks\TaskPresolve.h">
      <Filter>Header Files</Filter>
    </ClInclude>
    <ClInclude Include="..\src\Tasks\TaskPrintIterationHeader.h">
      <Filter>Header Files</Filter>
    </ClInclude>
    <ClInclude Include="..\src\Tasks\TaskPrintIterationReport.h">
      <Filter>Header Files</Filter>
    </ClInclude>
    <ClInclude Include="..\src\Tasks\TaskPrintProblemStats.h">
      <Filter>Header Files</Filter>
    </ClInclude>
    <ClInclude Include="..\src\Tasks\TaskPrintSolution.h">
      <Filter>Header Files</Filter>
    </ClInclude>
    <ClInclude Include="..\src\Tasks\TaskPrintSolutionBoundReport.h">
      <Filter>Header Files</Filter>
    </ClInclude>
    <ClInclude Include="..\src\Tasks\TaskRepairableBase.h">
      <Filter>Header Files</Filter>
    </ClInclude>
    <ClInclude Include="..\src\Tasks\TaskSelectHyperplanePointsIndividualLinesearch.h">
      <Filter>Header Files</Filter>
    </ClInclude>
    <ClInclude Include="..\src\Tasks\TaskSelectHyperplanePointsLinesearch.h">
      <Filter>Header Files</Filter>
    </ClInclude>
    <ClInclude Include="..\src\Tasks\TaskSelectHyperplanePointsSolution.h">
      <Filter>Header Files</Filter>
    </ClInclude>
    <ClInclude Include="..\src\Tasks\TaskSelectPrimalCandidatesFromLinesearch.h">
      <Filter>Header Files</Filter>
    </ClInclude>
    <ClInclude Include="..\src\Tasks\TaskSelectPrimalCandidatesFromNLP.h">
      <Filter>Header Files</Filter>
    </ClInclude>
    <ClInclude Include="..\src\Tasks\TaskSelectPrimalCandidatesFromSolutionPool.h">
      <Filter>Header Files</Filter>
    </ClInclude>
    <ClInclude Include="..\src\Tasks\TaskSelectPrimalFixedNLPPointsFromSolutionPool.h">
      <Filter>Header Files</Filter>
    </ClInclude>
    <ClInclude Include="..\src\Tasks\TaskSequential.h">
      <Filter>Header Files</Filter>
    </ClInclude>
    <ClInclude Include="..\src\Tasks\TaskSimple.h">
      <Filter>Header Files</Filter>
    </ClInclude>
    <ClInclude Include="..\src\Tasks\TaskSolveFixedLinearProblem.h">
      <Filter>Header Files</Filter>
    </ClInclude>
    <ClInclude Include="..\src\Tasks\TaskSolveIteration.h">
      <Filter>Header Files</Filter>
    </ClInclude>
    <ClInclude Include="..\src\Tasks\TaskSwitchToLazyConstraints.h">
      <Filter>Header Files</Filter>
    </ClInclude>
    <ClInclude Include="..\src\Tasks\TaskTerminate.h">
      <Filter>Header Files</Filter>
    </ClInclude>
    <ClInclude Include="..\src\Tasks\TaskUpdateNonlinearObjectiveByLinesearch.h">
      <Filter>Header Files</Filter>
    </ClInclude>
    <ClInclude Include="..\src\Timer.h">
      <Filter>Header Files</Filter>
    </ClInclude>
    <ClInclude Include="..\src\UtilityFunctions.h">
      <Filter>Header Files</Filter>
    </ClInclude>
  </ItemGroup>
  <ItemGroup>
    <None Include="..\.gitattributes" />
    <None Include="..\.gitignore" />
    <None Include="..\LICENSE" />
    <None Include="..\README.md" />
  </ItemGroup>
</Project>